
Microsoft Visual Studio Solution File, Format Version 12.00
# Visual Studio Express 15 for Windows Desktop
VisualStudioVersion = 15.0.27428.1
MinimumVisualStudioVersion = 10.0.40219.1
Project("{FAE04EC0-301F-11D3-BF4B-00C04F79EFBC}") = "Application", "Hoczkiewicz.Audi\Application.csproj", "{AE827FD2-374F-4345-908A-C2DC3F0B7B70}"
EndProject
Project("{FAE04EC0-301F-11D3-BF4B-00C04F79EFBC}") = "BL", "BL\BL.csproj", "{56337AAD-A61D-4088-AFD3-1B60B03798D4}"
EndProject
Project("{FAE04EC0-301F-11D3-BF4B-00C04F79EFBC}") = "DAO", "DAO\DAO.csproj", "{42C3DE41-5719-4677-B1CE-4EFD7E6385E1}"
EndProject
Project("{FAE04EC0-301F-11D3-BF4B-00C04F79EFBC}") = "CORE", "CORE\CORE.csproj", "{93B3BC0B-701B-40B4-A839-DCB4C59D3C6C}"
EndProject
Project("{FAE04EC0-301F-11D3-BF4B-00C04F79EFBC}") = "INTERFACES", "INTERFACES\INTERFACES.csproj", "{B1D2B21C-377E-41AE-BDA9-608C0D23194B}"
EndProject
Global
	GlobalSection(SolutionConfigurationPlatforms) = preSolution
		Debug|Any CPU = Debug|Any CPU
		Release|Any CPU = Release|Any CPU
	EndGlobalSection
	GlobalSection(ProjectConfigurationPlatforms) = postSolution
		{AE827FD2-374F-4345-908A-C2DC3F0B7B70}.Debug|Any CPU.ActiveCfg = Debug|Any CPU
		{AE827FD2-374F-4345-908A-C2DC3F0B7B70}.Debug|Any CPU.Build.0 = Debug|Any CPU
		{AE827FD2-374F-4345-908A-C2DC3F0B7B70}.Release|Any CPU.ActiveCfg = Release|Any CPU
		{AE827FD2-374F-4345-908A-C2DC3F0B7B70}.Release|Any CPU.Build.0 = Release|Any CPU
		{56337AAD-A61D-4088-AFD3-1B60B03798D4}.Debug|Any CPU.ActiveCfg = Debug|Any CPU
		{56337AAD-A61D-4088-AFD3-1B60B03798D4}.Debug|Any CPU.Build.0 = Debug|Any CPU
		{56337AAD-A61D-4088-AFD3-1B60B03798D4}.Release|Any CPU.ActiveCfg = Release|Any CPU
		{56337AAD-A61D-4088-AFD3-1B60B03798D4}.Release|Any CPU.Build.0 = Release|Any CPU
		{42C3DE41-5719-4677-B1CE-4EFD7E6385E1}.Debug|Any CPU.ActiveCfg = Debug|Any CPU
		{42C3DE41-5719-4677-B1CE-4EFD7E6385E1}.Debug|Any CPU.Build.0 = Debug|Any CPU
		{42C3DE41-5719-4677-B1CE-4EFD7E6385E1}.Release|Any CPU.ActiveCfg = Release|Any CPU
		{42C3DE41-5719-4677-B1CE-4EFD7E6385E1}.Release|Any CPU.Build.0 = Release|Any CPU
		{93B3BC0B-701B-40B4-A839-DCB4C59D3C6C}.Debug|Any CPU.ActiveCfg = Debug|Any CPU
		{93B3BC0B-701B-40B4-A839-DCB4C59D3C6C}.Debug|Any CPU.Build.0 = Debug|Any CPU
		{93B3BC0B-701B-40B4-A839-DCB4C59D3C6C}.Release|Any CPU.ActiveCfg = Release|Any CPU
		{93B3BC0B-701B-40B4-A839-DCB4C59D3C6C}.Release|Any CPU.Build.0 = Release|Any CPU
		{B1D2B21C-377E-41AE-BDA9-608C0D23194B}.Debug|Any CPU.ActiveCfg = Debug|Any CPU
		{B1D2B21C-377E-41AE-BDA9-608C0D23194B}.Debug|Any CPU.Build.0 = Debug|Any CPU
		{B1D2B21C-377E-41AE-BDA9-608C0D23194B}.Release|Any CPU.ActiveCfg = Release|Any CPU
		{B1D2B21C-377E-41AE-BDA9-608C0D23194B}.Release|Any CPU.Build.0 = Release|Any CPU
	EndGlobalSection
	GlobalSection(SolutionProperties) = preSolution
		HideSolutionNode = FALSE
	EndGlobalSection
	GlobalSection(ExtensibilityGlobals) = postSolution
		SolutionGuid = {466BB539-DBE2-4695-B1A5-65F48CC2FDC8}
	EndGlobalSection
EndGlobal
